// !$*UTF8*$!
{
	archiveVersion = 1;
	classes = {
	};
	objectVersion = 46;
	objects = {

/* Begin PBXBuildFile section */
		71C05B6C1D77F1FC00CC915A /* AppDelegate.swift in Sources */ = {isa = PBXBuildFile; fileRef = 71C05B6B1D77F1FC00CC915A /* AppDelegate.swift */; };
		71C05B6E1D77F1FC00CC915A /* ViewController.swift in Sources */ = {isa = PBXBuildFile; fileRef = 71C05B6D1D77F1FC00CC915A /* ViewController.swift */; };
		71C05B711D77F1FC00CC915A /* Main.storyboard in Resources */ = {isa = PBXBuildFile; fileRef = 71C05B6F1D77F1FC00CC915A /* Main.storyboard */; };
		71C05B731D77F1FC00CC915A /* Assets.xcassets in Resources */ = {isa = PBXBuildFile; fileRef = 71C05B721D77F1FC00CC915A /* Assets.xcassets */; };
		71C05B761D77F1FC00CC915A /* LaunchScreen.storyboard in Resources */ = {isa = PBXBuildFile; fileRef = 71C05B741D77F1FC00CC915A /* LaunchScreen.storyboard */; };
		71C05B7F1D77F23D00CC915A /* FBSDKCoreKit.framework in Frameworks */ = {isa = PBXBuildFile; fileRef = 71C05B7D1D77F23D00CC915A /* FBSDKCoreKit.framework */; };
		71C05B801D77F23D00CC915A /* FBSDKLoginKit.framework in Frameworks */ = {isa = PBXBuildFile; fileRef = 71C05B7E1D77F23D00CC915A /* FBSDKLoginKit.framework */; };
		71C05B841D77F33700CC915A /* NSMutableArray+test.m in Sources */ = {isa = PBXBuildFile; fileRef = 71C05B831D77F33700CC915A /* NSMutableArray+test.m */; };
		71C05B861D77F9D200CC915A /* Bolts.framework in Frameworks */ = {isa = PBXBuildFile; fileRef = 71C05B851D77F9D200CC915A /* Bolts.framework */; };
/* End PBXBuildFile section */

/* Begin PBXFileReference section */
		71C05B681D77F1FC00CC915A /* MADLoginDemo.app */ = {isa = PBXFileReference; explicitFileType = wrapper.application; includeInIndex = 0; path = MADLoginDemo.app; sourceTree = BUILT_PRODUCTS_DIR; };
		71C05B6B1D77F1FC00CC915A /* AppDelegate.swift */ = {isa = PBXFileReference; lastKnownFileType = sourcecode.swift; path = AppDelegate.swift; sourceTree = "<group>"; };
		71C05B6D1D77F1FC00CC915A /* ViewController.swift */ = {isa = PBXFileReference; lastKnownFileType = sourcecode.swift; path = ViewController.swift; sourceTree = "<group>"; };
		71C05B701D77F1FC00CC915A /* Base */ = {isa = PBXFileReference; lastKnownFileType = file.storyboard; name = Base; path = Base.lproj/Main.storyboard; sourceTree = "<group>"; };
		71C05B721D77F1FC00CC915A /* Assets.xcassets */ = {isa = PBXFileReference; lastKnownFileType = folder.assetcatalog; path = Assets.xcassets; sourceTree = "<group>"; };
		71C05B751D77F1FC00CC915A /* Base */ = {isa = PBXFileReference; lastKnownFileType = file.storyboard; name = Base; path = Base.lproj/LaunchScreen.storyboard; sourceTree = "<group>"; };
		71C05B771D77F1FC00CC915A /* Info.plist */ = {isa = PBXFileReference; lastKnownFileType = text.plist.xml; path = Info.plist; sourceTree = "<group>"; };
		71C05B7D1D77F23D00CC915A /* FBSDKCoreKit.framework */ = {isa = PBXFileReference; lastKnownFileType = wrapper.framework; path = FBSDKCoreKit.framework; sourceTree = "<group>"; };
		71C05B7E1D77F23D00CC915A /* FBSDKLoginKit.framework */ = {isa = PBXFileReference; lastKnownFileType = wrapper.framework; path = FBSDKLoginKit.framework; sourceTree = "<group>"; };
		71C05B811D77F33600CC915A /* MADLoginDemo-Bridging-Header.h */ = {isa = PBXFileReference; lastKnownFileType = sourcecode.c.h; path = "MADLoginDemo-Bridging-Header.h"; sourceTree = "<group>"; };
		71C05B821D77F33700CC915A /* NSMutableArray+test.h */ = {isa = PBXFileReference; fileEncoding = 4; lastKnownFileType = sourcecode.c.h; path = "NSMutableArray+test.h"; sourceTree = "<group>"; };
		71C05B831D77F33700CC915A /* NSMutableArray+test.m */ = {isa = PBXFileReference; fileEncoding = 4; lastKnownFileType = sourcecode.c.objc; path = "NSMutableArray+test.m"; sourceTree = "<group>"; };
		71C05B851D77F9D200CC915A /* Bolts.framework */ = {isa = PBXFileReference; lastKnownFileType = wrapper.framework; path = Bolts.framework; sourceTree = "<group>"; };
/* End PBXFileReference section */

/* Begin PBXFrameworksBuildPhase section */
		71C05B651D77F1FC00CC915A /* Frameworks */ = {
			isa = PBXFrameworksBuildPhase;
			buildActionMask = 2147483647;
			files = (
				71C05B861D77F9D200CC915A /* Bolts.framework in Frameworks */,
				71C05B801D77F23D00CC915A /* FBSDKLoginKit.framework in Frameworks */,
				71C05B7F1D77F23D00CC915A /* FBSDKCoreKit.framework in Frameworks */,
			);
			runOnlyForDeploymentPostprocessing = 0;
		};
/* End PBXFrameworksBuildPhase section */

/* Begin PBXGroup section */
		71C05B5F1D77F1FC00CC915A = {
			isa = PBXGroup;
			children = (
				71C05B6A1D77F1FC00CC915A /* MADLoginDemo */,
				71C05B691D77F1FC00CC915A /* Products */,
			);
			sourceTree = "<group>";
		};
		71C05B691D77F1FC00CC915A /* Products */ = {
			isa = PBXGroup;
			children = (
				71C05B681D77F1FC00CC915A /* MADLoginDemo.app */,
			);
			name = Products;
			sourceTree = "<group>";
		};
		71C05B6A1D77F1FC00CC915A /* MADLoginDemo */ = {
			isa = PBXGroup;
			children = (
				71C05B6B1D77F1FC00CC915A /* AppDelegate.swift */,
				71C05B6D1D77F1FC00CC915A /* ViewController.swift */,
				71C05B6F1D77F1FC00CC915A /* Main.storyboard */,
				71C05B721D77F1FC00CC915A /* Assets.xcassets */,
				71C05B741D77F1FC00CC915A /* LaunchScreen.storyboard */,
				71C05B771D77F1FC00CC915A /* Info.plist */,
				71C05B7D1D77F23D00CC915A /* FBSDKCoreKit.framework */,
				71C05B7E1D77F23D00CC915A /* FBSDKLoginKit.framework */,
				71C05B851D77F9D200CC915A /* Bolts.framework */,
				71C05B821D77F33700CC915A /* NSMutableArray+test.h */,
				71C05B831D77F33700CC915A /* NSMutableArray+test.m */,
				71C05B811D77F33600CC915A /* MADLoginDemo-Bridging-Header.h */,
			);
			path = MADLoginDemo;
			sourceTree = "<group>";
		};
/* End PBXGroup section */

/* Begin PBXNativeTarget section */
		71C05B671D77F1FC00CC915A /* MADLoginDemo */ = {
			isa = PBXNativeTarget;
			buildConfigurationList = 71C05B7A1D77F1FC00CC915A /* Build configuration list for PBXNativeTarget "MADLoginDemo" */;
			buildPhases = (
				71C05B641D77F1FC00CC915A /* Sources */,
				71C05B651D77F1FC00CC915A /* Frameworks */,
				71C05B661D77F1FC00CC915A /* Resources */,
			);
			buildRules = (
			);
			dependencies = (
			);
			name = MADLoginDemo;
			productName = MADLoginDemo;
			productReference = 71C05B681D77F1FC00CC915A /* MADLoginDemo.app */;
			productType = "com.apple.product-type.application";
		};
/* End PBXNativeTarget section */

/* Begin PBXProject section */
		71C05B601D77F1FC00CC915A /* Project object */ = {
			isa = PBXProject;
			attributes = {
				LastSwiftUpdateCheck = 0730;
				LastUpgradeCheck = 0730;
				ORGANIZATIONNAME = "周大剛";
				TargetAttributes = {
					71C05B671D77F1FC00CC915A = {
						CreatedOnToolsVersion = 7.3.1;
						DevelopmentTeam = R26VQG687C;
					};
				};
			};
			buildConfigurationList = 71C05B631D77F1FC00CC915A /* Build configuration list for PBXProject "MADLoginDemo" */;
			compatibilityVersion = "Xcode 3.2";
			developmentRegion = English;
			hasScannedForEncodings = 0;
			knownRegions = (
				en,
				Base,
			);
			mainGroup = 71C05B5F1D77F1FC00CC915A;
			productRefGroup = 71C05B691D77F1FC00CC915A /* Products */;
			projectDirPath = "";
			projectRoot = "";
			targets = (
				71C05B671D77F1FC00CC915A /* MADLoginDemo */,
			);
		};
/* End PBXProject section */

/* Begin PBXResourcesBuildPhase section */
		71C05B661D77F1FC00CC915A /* Resources */ = {
			isa = PBXResourcesBuildPhase;
			buildActionMask = 2147483647;
			files = (
				71C05B761D77F1FC00CC915A /* LaunchScreen.storyboard in Resources */,
				71C05B731D77F1FC00CC915A /* Assets.xcassets in Resources */,
				71C05B711D77F1FC00CC915A /* Main.storyboard in Resources */,
			);
			runOnlyForDeploymentPostprocessing = 0;
		};
/* End PBXResourcesBuildPhase section */

/* Begin PBXSourcesBuildPhase section */
		71C05B641D77F1FC00CC915A /* Sources */ = {
			isa = PBXSourcesBuildPhase;
			buildActionMask = 2147483647;
			files = (
				71C05B6E1D77F1FC00CC915A /* ViewController.swift in Sources */,
				71C05B841D77F33700CC915A /* NSMutableArray+test.m in Sources */,
				71C05B6C1D77F1FC00CC915A /* AppDelegate.swift in Sources */,
			);
			runOnlyForDeploymentPostprocessing = 0;
		};
/* End PBXSourcesBuildPhase section */

/* Begin PBXVariantGroup section */
		71C05B6F1D77F1FC00CC915A /* Main.storyboard */ = {
			isa = PBXVariantGroup;
			children = (
				71C05B701D77F1FC00CC915A /* Base */,
			);
			name = Main.storyboard;
			sourceTree = "<group>";
		};
		71C05B741D77F1FC00CC915A /* LaunchScreen.storyboard */ = {
			isa = PBXVariantGroup;
			children = (
				71C05B751D77F1FC00CC915A /* Base */,
			);
			name = LaunchScreen.storyboard;
			sourceTree = "<group>";
		};
/* End PBXVariantGroup section */

/* Begin XCBuildConfiguration section */
		71C05B781D77F1FC00CC915A /* Debug */ = {
			isa = XCBuildConfiguration;
			buildSettings = {
				ALWAYS_SEARCH_USER_PATHS = NO;
				CLANG_ANALYZER_NONNULL = YES;
				CLANG_CXX_LANGUAGE_STANDARD = "gnu++0x";
				CLANG_CXX_LIBRARY = "libc++";
				CLANG_ENABLE_MODULES = YES;
				CLANG_ENABLE_OBJC_ARC = YES;
				CLANG_WARN_BOOL_CONVERSION = YES;
				CLANG_WARN_CONSTANT_CONVERSION = YES;
				CLANG_WARN_DIRECT_OBJC_ISA_USAGE = YES_ERROR;
				CLANG_WARN_EMPTY_BODY = YES;
				CLANG_WARN_ENUM_CONVERSION = YES;
				CLANG_WARN_INT_CONVERSION = YES;
				CLANG_WARN_OBJC_ROOT_CLASS = YES_ERROR;
				CLANG_WARN_UNREACHABLE_CODE = YES;
				CLANG_WARN__DUPLICATE_METHOD_MATCH = YES;
				"CODE_SIGN_IDENTITY[sdk=iphoneos*]" = "iPhone Developer";
				COPY_PHASE_STRIP = NO;
				DEBUG_INFORMATION_FORMAT = dwarf;
				ENABLE_STRICT_OBJC_MSGSEND = YES;
				ENABLE_TESTABILITY = YES;
				GCC_C_LANGUAGE_STANDARD = gnu99;
				GCC_DYNAMIC_NO_PIC = NO;
				GCC_NO_COMMON_BLOCKS = YES;
				GCC_OPTIMIZATION_LEVEL = 0;
				GCC_PREPROCESSOR_DEFINITIONS = (
					"DEBUG=1",
					"$(inherited)",
				);
				GCC_WARN_64_TO_32_BIT_CONVERSION = YES;
				GCC_WARN_ABOUT_RETURN_TYPE = YES_ERROR;
				GCC_WARN_UNDECLARED_SELECTOR = YES;
				GCC_WARN_UNINITIALIZED_AUTOS = YES_AGGRESSIVE;
				GCC_WARN_UNUSED_FUNCTION = YES;
				GCC_WARN_UNUSED_VARIABLE = YES;
				IPHONEOS_DEPLOYMENT_TARGET = 9.3;
				MTL_ENABLE_DEBUG_INFO = YES;
				ONLY_ACTIVE_ARCH = YES;
				SDKROOT = iphoneos;
				SWIFT_OPTIMIZATION_LEVEL = "-Onone";
			};
			name = Debug;
		};
		71C05B791D77F1FC00CC915A /* Release */ = {
			isa = XCBuildConfiguration;
			buildSettings = {
				ALWAYS_SEARCH_USER_PATHS = NO;
				CLANG_ANALYZER_NONNULL = YES;
				CLANG_CXX_LANGUAGE_STANDARD = "gnu++0x";
				CLANG_CXX_LIBRARY = "libc++";
				CLANG_ENABLE_MODULES = YES;
				CLANG_ENABLE_OBJC_ARC = YES;
				CLANG_WARN_BOOL_CONVERSION = YES;
				CLANG_WARN_CONSTANT_CONVERSION = YES;
				CLANG_WARN_DIRECT_OBJC_ISA_USAGE = YES_ERROR;
				CLANG_WARN_EMPTY_BODY = YES;
				CLANG_WARN_ENUM_CONVERSION = YES;
				CLANG_WARN_INT_CONVERSION = YES;
				CLANG_WARN_OBJC_ROOT_CLASS = YES_ERROR;
				CLANG_WARN_UNREACHABLE_CODE = YES;
				CLANG_WARN__DUPLICATE_METHOD_MATCH = YES;
				"CODE_SIGN_IDENTITY[sdk=iphoneos*]" = "iPhone Developer";
				COPY_PHASE_STRIP = NO;
				DEBUG_INFORMATION_FORMAT = "dwarf-with-dsym";
				ENABLE_NS_ASSERTIONS = NO;
				ENABLE_STRICT_OBJC_MSGSEND = YES;
				GCC_C_LANGUAGE_STANDARD = gnu99;
				GCC_NO_COMMON_BLOCKS = YES;
				GCC_WARN_64_TO_32_BIT_CONVERSION = YES;
				GCC_WARN_ABOUT_RETURN_TYPE = YES_ERROR;
				GCC_WARN_UNDECLARED_SELECTOR = YES;
				GCC_WARN_UNINITIALIZED_AUTOS = YES_AGGRESSIVE;
				GCC_WARN_UNUSED_FUNCTION = YES;
				GCC_WARN_UNUSED_VARIABLE = YES;
				IPHONEOS_DEPLOYMENT_TARGET = 9.3;
				MTL_ENABLE_DEBUG_INFO = NO;
				SDKROOT = iphoneos;
				VALIDATE_PRODUCT = YES;
			};
			name = Release;
		};
		71C05B7B1D77F1FC00CC915A /* Debug */ = {
			isa = XCBuildConfiguration;
			buildSettings = {
				ASSETCATALOG_COMPILER_APPICON_NAME = AppIcon;
				CLANG_ENABLE_MODULES = YES;
				FRAMEWORK_SEARCH_PATHS = (
					"$(inherited)",
					"$(PROJECT_DIR)/MADLoginDemo",
				);
				INFOPLIST_FILE = MADLoginDemo/Info.plist;
				LD_RUNPATH_SEARCH_PATHS = "$(inherited) @executable_path/Frameworks";
				PRODUCT_BUNDLE_IDENTIFIER = com.makeschool.MADLoginDemo;
				PRODUCT_NAME = "$(TARGET_NAME)";
				SWIFT_OBJC_BRIDGING_HEADER = "MADLoginDemo/MADLoginDemo-Bridging-Header.h";
				SWIFT_OPTIMIZATION_LEVEL = "-Onone";
			};
			name = Debug;
		};
		71C05B7C1D77F1FC00CC915A /* Release */ = {
			isa = XCBuildConfiguration;
			buildSettings = {
				ASSETCATALOG_COMPILER_APPICON_NAME = AppIcon;
				CLANG_ENABLE_MODULES = YES;
				FRAMEWORK_SEARCH_PATHS = (
					"$(inherited)",
					"$(PROJECT_DIR)/MADLoginDemo",
				);
				INFOPLIST_FILE = MADLoginDemo/Info.plist;
				LD_RUNPATH_SEARCH_PATHS = "$(inherited) @executable_path/Frameworks";
				PRODUCT_BUNDLE_IDENTIFIER = com.makeschool.MADLoginDemo;
				PRODUCT_NAME = "$(TARGET_NAME)";
				SWIFT_OBJC_BRIDGING_HEADER = "MADLoginDemo/MADLoginDemo-Bridging-Header.h";
			};
			name = Release;
		};
/* End XCBuildConfiguration section */

/* Begin XCConfigurationList section */
		71C05B631D77F1FC00CC915A /* Build configuration list for PBXProject "MADLoginDemo" */ = {
			isa = XCConfigurationList;
			buildConfigurations = (
				71C05B781D77F1FC00CC915A /* Debug */,
				71C05B791D77F1FC00CC915A /* Release */,
			);
			defaultConfigurationIsVisible = 0;
			defaultConfigurationName = Release;
		};
		71C05B7A1D77F1FC00CC915A /* Build configuration list for PBXNativeTarget "MADLoginDemo" */ = {
			isa = XCConfigurationList;
			buildConfigurations = (
				71C05B7B1D77F1FC00CC915A /* Debug */,
				71C05B7C1D77F1FC00CC915A /* Release */,
			);
			defaultConfigurationIsVisible = 0;
		};
/* End XCConfigurationList section */
	};
	rootObject = 71C05B601D77F1FC00CC915A /* Project object */;
}
